
Microsoft Visual Studio Solution File, Format Version 12.00
Project("{FAE04EC0-301F-11D3-BF4B-00C04F79EFBC}") = "Bookish.ConsoleApp", "Bookish.ConsoleApp\Bookish.ConsoleApp.csproj", "{9E677A31-98EF-40F2-BD36-4F29E4FD535D}"
EndProject
Project("{FAE04EC0-301F-11D3-BF4B-00C04F79EFBC}") = "Bookish.DataAccess", "Bookish.DataAccess\Bookish.DataAccess.csproj", "{118628AC-AF87-420B-A78B-11E34240AE80}"
EndProject
Global
	GlobalSection(SolutionConfigurationPlatforms) = preSolution
		Debug|Any CPU = Debug|Any CPU
		Release|Any CPU = Release|Any CPU
	EndGlobalSection
	GlobalSection(ProjectConfigurationPlatforms) = postSolution
		{9E677A31-98EF-40F2-BD36-4F29E4FD535D}.Debug|Any CPU.ActiveCfg = Debug|Any CPU
		{9E677A31-98EF-40F2-BD36-4F29E4FD535D}.Debug|Any CPU.Build.0 = Debug|Any CPU
		{9E677A31-98EF-40F2-BD36-4F29E4FD535D}.Release|Any CPU.ActiveCfg = Release|Any CPU
		{9E677A31-98EF-40F2-BD36-4F29E4FD535D}.Release|Any CPU.Build.0 = Release|Any CPU
		{118628AC-AF87-420B-A78B-11E34240AE80}.Debug|Any CPU.ActiveCfg = Debug|Any CPU
		{118628AC-AF87-420B-A78B-11E34240AE80}.Debug|Any CPU.Build.0 = Debug|Any CPU
		{118628AC-AF87-420B-A78B-11E34240AE80}.Release|Any CPU.ActiveCfg = Release|Any CPU
		{118628AC-AF87-420B-A78B-11E34240AE80}.Release|Any CPU.Build.0 = Release|Any CPU
	EndGlobalSection
EndGlobal
